apiVersion: v1
kind: ConfigMap
metadata:
  name: eric-bss-eb-cch-comlock
data:
  ComLock.cfg: |-
    ###############################################################################
    #
    #                           Configuration of Locks
    #
    ###############################################################################
    #
    # Section LOCK_LIB
    # ----------------
    # TRACE_LEVEL                Trace Level (optional, values 0 ... 4, default 0)
    # TRACE_FILE                 Trace File (optional, default none)
    # REMOVE_LOCKS_ON_EXIT       Remove Locks on Exit (optional, default NO)
    #
    # Section LOCK_ACCESS
    # -------------------
    # LOCK_CFG_KEY               Access key (mandatory). Must be unique for each
    #                            user or group (see access rights).
    #                            Format: hex (e.g. 0xbabacaba)
    # LOCK_CFG_PERMISSION        Access permissions (mandatory)
    #                            Format: oct (e.g. 600 for user r/w - access)
    #
    #
    # Section LOCK_TABLES
    # -------------------
    # TABLE_NAME                 Name of a lock table (used to find individual
    #                            lock configuration)
    #
    #
    # Section LOCK_TABLE_NAME
    # -----------------------
    # LOCK_TYPE                  Lock Type (known types: RW_LOCK, SIMPLE_LOCK)
    # LOCK_NUMBER                Maximum number of locks in this lock table
    # LOCK_SET_SIZE              Number of locks per lock set (for semaphore locks
    #                            only, always 1 else)
    # LOCK_READERS               Maximum number of readers locks (RW_LOCK only,
    #                            always 1 else)
    #
    ###############################################################################


    # ==========================
    # General Parameters
    # ==========================
    [LOCK_LIB]
    TRACE_LEVEL=0
    TRACE_FILE=
    REMOVE_LOCKS_ON_EXIT={{$.Values.global.comLock.removeLocksOnExit}}


    # ==========================
    # Access Parameters
    # ==========================
    [LOCK_ACCESS]
    LOCK_CFG_KEY=0xbabacaba
    LOCK_CFG_PERMISSION=600


    # ==========================
    # Declaration of Lock Tables
    # ==========================
    [LOCK_TABLES]
    TABLE_NAME=COHASH_CCH            // Locks for CCH Contract Hash table
    TABLE_NAME=CUHASH_CCH            // Locks for CCH Customer Hash table

    TABLE_NAME=COMA_FG               // Locks for COMA family groups
    TABLE_NAME=COMA_CO               // Locks for COMA contract hash table
    TABLE_NAME=COMA_REG              // Locks for COMA registry (1 per partition)


    # =========================
    # CCH Lock Tables
    # =========================
    [COHASH_CCH]
    LOCK_TYPE=RW_LOCK
    LOCK_NUMBER={{$.Values.global.comLock.cch.contractHash.lockNumber}}
    LOCK_SET_SIZE={{$.Values.global.comLock.cch.contractHash.lockSetSize}}
    LOCK_READERS=10000

    [CUHASH_CCH]
    LOCK_TYPE=RW_LOCK
    LOCK_NUMBER={{$.Values.global.comLock.cch.customerHash.lockNumber}}
    LOCK_SET_SIZE={{$.Values.global.comLock.cch.customerHash.lockSetSize}}
    LOCK_READERS=10000



    # =========================
    # COMA Lock Tables
    # =========================
    [COMA_FG]
    LOCK_TYPE=RW_LOCK
    LOCK_NUMBER={{$.Values.global.comLock.coma.familyGroupHash.lockNumber}}
    LOCK_SET_SIZE={{$.Values.global.comLock.coma.familyGroupHash.lockSetSize}}
    LOCK_READERS=10000

    [COMA_CO]
    LOCK_TYPE=RW_LOCK
    LOCK_NUMBER={{$.Values.global.comLock.coma.contractHash.lockNumber}}
    LOCK_SET_SIZE={{$.Values.global.comLock.coma.contractHash.lockSetSize}}
    LOCK_READERS=10000

    [COMA_REG]
    LOCK_TYPE=RW_LOCK
    LOCK_NUMBER={{$.Values.global.comLock.coma.registryHash.lockNumber}}
    LOCK_SET_SIZE={{$.Values.global.comLock.coma.registryHash.lockSetSize}}
    LOCK_READERS=10000
